Microsoft Visual Studio Solution File, Format Version 12.00
# Visual Studio Version 17
VisualStudioVersion = 17.5.2.0
MinimumVisualStudioVersion = 10.0.40219.1
Project("{FAE04EC0-301F-11D3-BF4B-00C04F79EFBC}") = "SqlEmailWorker", "SqlEmailWorker\SqlEmailWorker.csproj", "{5BACE83E-8FC5-4D3D-79C5-81F3967BE119}"
EndProject
Global
	GlobalSection(SolutionConfigurationPlatforms) = preSolution
		Debug|Any CPU = Debug|Any CPU
		Release|Any CPU = Release|Any CPU
	EndGlobalSection
	GlobalSection(ProjectConfigurationPlatforms) = postSolution
		{5BACE83E-8FC5-4D3D-79C5-81F3967BE119}.Debug|Any CPU.ActiveCfg = Debug|Any CPU
		{5BACE83E-8FC5-4D3D-79C5-81F3967BE119}.Debug|Any CPU.Build.0 = Debug|Any CPU
		{5BACE83E-8FC5-4D3D-79C5-81F3967BE119}.Release|Any CPU.ActiveCfg = Release|Any CPU
		{5BACE83E-8FC5-4D3D-79C5-81F3967BE119}.Release|Any CPU.Build.0 = Release|Any CPU
	EndGlobalSection
	GlobalSection(SolutionProperties) = preSolution
		HideSolutionNode = FALSE
	EndGlobalSection
	GlobalSection(ExtensibilityGlobals) = postSolution
		SolutionGuid = {C85E9028-306C-44B9-A6B7-D8A1475DA929}
	EndGlobalSection
EndGlobal
